<?xml version="1.0" encoding="utf-8"?>
<Project ToolsVersion="4.0" xmlns="http://schemas.microsoft.com/developer/msbuild/2003">
  <ItemGroup>
    <Filter Include="Source Files">
      <UniqueIdentifier>{4FC737F1-C7A5-4376-A066-2A32D752A2FF}</UniqueIdentifier>
      <Extensions>cpp;c;cc;cxx;c++;cppm;ixx;def;odl;idl;hpj;bat;asm;asmx</Extensions>
    </Filter>
    <Filter Include="Header Files">
      <UniqueIdentifier>{93995380-89BD-4b04-88EB-625FBE52EBFB}</UniqueIdentifier>
      <Extensions>h;hh;hpp;hxx;h++;hm;inl;inc;ipp;xsd</Extensions>
    </Filter>
    <Filter Include="Resource Files">
      <UniqueIdentifier>{67DA6AB6-F800-4c08-8B7A-83BB121AAD01}</UniqueIdentifier>
      <Extensions>rc;ico;cur;bmp;dlg;rc2;rct;bin;rgs;gif;jpg;jpeg;jpe;resx;tiff;tif;png;wav;mfcribbon-ms</Extensions>
    </Filter>
  </ItemGroup>
  <ItemGroup>
    <ClCompile Include="src\main.cpp">
      <Filter>Source Files</Filter>
    </ClCompile>
    <ClCompile Include="src\Utils.cpp">
      <Filter>Source Files</Filter>
    </ClCompile>
    <ClCompile Include="src\GFX.cpp">
      <Filter>Source Files</Filter>
    </ClCompile>
    <ClCompile Include="src\Arch.cpp">
      <Filter>Source Files</Filter>
    </ClCompile>
  </ItemGroup>
  <ItemGroup>
    <ClInclude Include="heads\include\common.hpp">
      <Filter>Header Files</Filter>
    </ClInclude>
    <ClInclude Include="heads\include\exponential.hpp">
      <Filter>Header Files</Filter>
    </ClInclude>
    <ClInclude Include="heads\include\ext.hpp">
      <Filter>Header Files</Filter>
    </ClInclude>
    <ClInclude Include="heads\include\fwd.hpp">
      <Filter>Header Files</Filter>
    </ClInclude>
    <ClInclude Include="heads\include\geometric.hpp">
      <Filter>Header Files</Filter>
    </ClInclude>
    <ClInclude Include="heads\include\glfw3 (2).h">
      <Filter>Header Files</Filter>
    </ClInclude>
    <ClInclude Include="heads\include\glfw3.h">
      <Filter>Header Files</Filter>
    </ClInclude>
    <ClInclude Include="heads\include\glfw3native (2).h">
      <Filter>Header Files</Filter>
    </ClInclude>
    <ClInclude Include="heads\include\glfw3native.h">
      <Filter>Header Files</Filter>
    </ClInclude>
    <ClInclude Include="heads\include\glm.hpp">
      <Filter>Header Files</Filter>
    </ClInclude>
    <ClInclude Include="heads\include\integer.hpp">
      <Filter>Header Files</Filter>
    </ClInclude>
    <ClInclude Include="heads\include\mat2x2.hpp">
      <Filter>Header Files</Filter>
    </ClInclude>
    <ClInclude Include="heads\include\mat2x3.hpp">
      <Filter>Header Files</Filter>
    </ClInclude>
    <ClInclude Include="heads\include\mat2x4.hpp">
      <Filter>Header Files</Filter>
    </ClInclude>
    <ClInclude Include="heads\include\mat3x2.hpp">
      <Filter>Header Files</Filter>
    </ClInclude>
    <ClInclude Include="heads\include\mat3x3.hpp">
      <Filter>Header Files</Filter>
    </ClInclude>
    <ClInclude Include="heads\include\mat3x4.hpp">
      <Filter>Header Files</Filter>
    </ClInclude>
    <ClInclude Include="heads\include\mat4x2.hpp">
      <Filter>Header Files</Filter>
    </ClInclude>
    <ClInclude Include="heads\include\mat4x3.hpp">
      <Filter>Header Files</Filter>
    </ClInclude>
    <ClInclude Include="heads\include\mat4x4.hpp">
      <Filter>Header Files</Filter>
    </ClInclude>
    <ClInclude Include="heads\include\matrix.hpp">
      <Filter>Header Files</Filter>
    </ClInclude>
    <ClInclude Include="heads\include\packing.hpp">
      <Filter>Header Files</Filter>
    </ClInclude>
    <ClInclude Include="heads\include\trigonometric.hpp">
      <Filter>Header Files</Filter>
    </ClInclude>
    <ClInclude Include="heads\include\vec2.hpp">
      <Filter>Header Files</Filter>
    </ClInclude>
    <ClInclude Include="heads\include\vec3.hpp">
      <Filter>Header Files</Filter>
    </ClInclude>
    <ClInclude Include="heads\include\vec4.hpp">
      <Filter>Header Files</Filter>
    </ClInclude>
    <ClInclude Include="heads\include\vector_relational.hpp">
      <Filter>Header Files</Filter>
    </ClInclude>
    <ClInclude Include="heads\include\vk_enum_string_helper.h">
      <Filter>Header Files</Filter>
    </ClInclude>
    <ClInclude Include="heads\include\vk_icd.h">
      <Filter>Header Files</Filter>
    </ClInclude>
    <ClInclude Include="heads\include\vk_layer.h">
      <Filter>Header Files</Filter>
    </ClInclude>
    <ClInclude Include="heads\include\vk_platform.h">
      <Filter>Header Files</Filter>
    </ClInclude>
    <ClInclude Include="heads\include\vk_sdk_platform.h">
      <Filter>Header Files</Filter>
    </ClInclude>
    <ClInclude Include="heads\include\vulkan.h">
      <Filter>Header Files</Filter>
    </ClInclude>
    <ClInclude Include="heads\include\vulkan.hpp">
      <Filter>Header Files</Filter>
    </ClInclude>
    <ClInclude Include="heads\include\vulkan_android.h">
      <Filter>Header Files</Filter>
    </ClInclude>
    <ClInclude Include="heads\include\vulkan_beta.h">
      <Filter>Header Files</Filter>
    </ClInclude>
    <ClInclude Include="heads\include\vulkan_core.h">
      <Filter>Header Files</Filter>
    </ClInclude>
    <ClInclude Include="heads\include\vulkan_directfb.h">
      <Filter>Header Files</Filter>
    </ClInclude>
    <ClInclude Include="heads\include\vulkan_enums.hpp">
      <Filter>Header Files</Filter>
    </ClInclude>
    <ClInclude Include="heads\include\vulkan_format_traits.hpp">
      <Filter>Header Files</Filter>
    </ClInclude>
    <ClInclude Include="heads\include\vulkan_fuchsia.h">
      <Filter>Header Files</Filter>
    </ClInclude>
    <ClInclude Include="heads\include\vulkan_funcs.hpp">
      <Filter>Header Files</Filter>
    </ClInclude>
    <ClInclude Include="heads\include\vulkan_ggp.h">
      <Filter>Header Files</Filter>
    </ClInclude>
    <ClInclude Include="heads\include\vulkan_handles.hpp">
      <Filter>Header Files</Filter>
    </ClInclude>
    <ClInclude Include="heads\include\vulkan_hash.hpp">
      <Filter>Header Files</Filter>
    </ClInclude>
    <ClInclude Include="heads\include\vulkan_ios.h">
      <Filter>Header Files</Filter>
    </ClInclude>
    <ClInclude Include="heads\include\vulkan_macos.h">
      <Filter>Header Files</Filter>
    </ClInclude>
    <ClInclude Include="heads\include\vulkan_metal.h">
      <Filter>Header Files</Filter>
    </ClInclude>
    <ClInclude Include="heads\include\vulkan_profiles.h">
      <Filter>Header Files</Filter>
    </ClInclude>
    <ClInclude Include="heads\include\vulkan_profiles.hpp">
      <Filter>Header Files</Filter>
    </ClInclude>
    <ClInclude Include="heads\include\vulkan_raii.hpp">
      <Filter>Header Files</Filter>
    </ClInclude>
    <ClInclude Include="heads\include\vulkan_screen.h">
      <Filter>Header Files</Filter>
    </ClInclude>
    <ClInclude Include="heads\include\vulkan_static_assertions.hpp">
      <Filter>Header Files</Filter>
    </ClInclude>
    <ClInclude Include="heads\include\vulkan_structs.hpp">
      <Filter>Header Files</Filter>
    </ClInclude>
    <ClInclude Include="heads\include\vulkan_to_string.hpp">
      <Filter>Header Files</Filter>
    </ClInclude>
    <ClInclude Include="heads\include\vulkan_vi.h">
      <Filter>Header Files</Filter>
    </ClInclude>
    <ClInclude Include="heads\include\vulkan_wayland.h">
      <Filter>Header Files</Filter>
    </ClInclude>
    <ClInclude Include="heads\include\vulkan_win32.h">
      <Filter>Header Files</Filter>
    </ClInclude>
    <ClInclude Include="heads\include\vulkan_xcb.h">
      <Filter>Header Files</Filter>
    </ClInclude>
    <ClInclude Include="heads\include\vulkan_xlib.h">
      <Filter>Header Files</Filter>
    </ClInclude>
    <ClInclude Include="heads\include\vulkan_xlib_xrandr.h">
      <Filter>Header Files</Filter>
    </ClInclude>
    <ClInclude Include="heads\PBLCPB.h">
      <Filter>Header Files</Filter>
    </ClInclude>
    <ClInclude Include="heads\pbMacros.h">
      <Filter>Header Files</Filter>
    </ClInclude>
    <ClInclude Include="heads\PRVTPB.h">
      <Filter>Header Files</Filter>
    </ClInclude>
    <ClInclude Include="heads\Polyblock.h">
      <Filter>Header Files</Filter>
    </ClInclude>
    <ClInclude Include="heads\include\sole.hpp">
      <Filter>Header Files</Filter>
    </ClInclude>
  </ItemGroup>
  <ItemGroup>
    <None Include="bin\dlls\glfw3.dll" />
    <None Include="bin\dlls\SDL2.dll" />
    <None Include="bin\dlls\shaderc_shared.dll" />
    <None Include="bin\dlls\shaderc_sharedd.dll" />
    <None Include="bin\dlls\spirv-cross-c-shared.dll" />
    <None Include="bin\dlls\spirv-cross-c-sharedd.dll" />
    <None Include="bin\dlls\SPIRV-Tools-shared.dll" />
    <None Include="bin\dlls\SPIRV-Tools-sharedd.dll" />
    <None Include="bin\dlls\VkLayer_api_dump.dll" />
    <None Include="bin\dlls\VkLayer_gfxreconstruct.dll" />
    <None Include="bin\dlls\VkLayer_khronos_profiles.dll" />
    <None Include="bin\dlls\VkLayer_khronos_synchronization2.dll" />
    <None Include="bin\dlls\VkLayer_khronos_validation.dll" />
    <None Include="bin\dlls\VkLayer_monitor.dll" />
    <None Include="bin\dlls\VkLayer_screenshot.dll" />
    <None Include="bin\dlls\dxcompiler.dll" />
    <None Include="bin\dlls\FreeImage.dll" />
  </ItemGroup>
  <ItemGroup>
    <Library Include="libs\FreeImage.lib" />
    <Library Include="libs\glfw3.lib" />
    <Library Include="libs\glfw3_mt.lib" />
    <Library Include="libs\glfw3dll.lib" />
    <Library Include="libs\vulkan-1.lib" />
  </ItemGroup>
</Project>